
Microsoft Visual Studio Solution File, Format Version 12.00
# Visual Studio Version 16
VisualStudioVersion = 16.0.29409.12
MinimumVisualStudioVersion = 10.0.40219.1
Project("{FAE04EC0-301F-11D3-BF4B-00C04F79EFBC}") = "Lab 6 Powers Table", "Lab 6 Powers Table\Lab 6 Powers Table.csproj", "{DABDBE5B-7788-4529-99E8-A14182112E10}"
EndProject
Global
	GlobalSection(SolutionConfigurationPlatforms) = preSolution
		Debug|Any CPU = Debug|Any CPU
		Release|Any CPU = Release|Any CPU
	EndGlobalSection
	GlobalSection(ProjectConfigurationPlatforms) = postSolution
		{DABDBE5B-7788-4529-99E8-A14182112E10}.Debug|Any CPU.ActiveCfg = Debug|Any CPU
		{DABDBE5B-7788-4529-99E8-A14182112E10}.Debug|Any CPU.Build.0 = Debug|Any CPU
		{DABDBE5B-7788-4529-99E8-A14182112E10}.Release|Any CPU.ActiveCfg = Release|Any CPU
		{DABDBE5B-7788-4529-99E8-A14182112E10}.Release|Any CPU.Build.0 = Release|Any CPU
	EndGlobalSection
	GlobalSection(SolutionProperties) = preSolution
		HideSolutionNode = FALSE
	EndGlobalSection
	GlobalSection(ExtensibilityGlobals) = postSolution
		SolutionGuid = {627D0B91-B67B-4A42-A579-381E2CFB909F}
	EndGlobalSection
EndGlobal
